
Microsoft Visual Studio Solution File, Format Version 12.00
# Visual Studio Version 17
VisualStudioVersion = 17.9.34728.123
MinimumVisualStudioVersion = 10.0.40219.1
Project("{FAE04EC0-301F-11D3-BF4B-00C04F79EFBC}") = "ServisVaga", "ServisVaga.csproj", "{D8E9AF27-9E05-4228-9F57-4F5ED49151A8}"
EndProject
Global
	GlobalSection(SolutionConfigurationPlatforms) = preSolution
		Debug|Any CPU = Debug|Any CPU
		Release|Any CPU = Release|Any CPU
	EndGlobalSection
	GlobalSection(ProjectConfigurationPlatforms) = postSolution
		{D8E9AF27-9E05-4228-9F57-4F5ED49151A8}.Debug|Any CPU.ActiveCfg = Debug|Any CPU
		{D8E9AF27-9E05-4228-9F57-4F5ED49151A8}.Debug|Any CPU.Build.0 = Debug|Any CPU
		{D8E9AF27-9E05-4228-9F57-4F5ED49151A8}.Release|Any CPU.ActiveCfg = Release|Any CPU
		{D8E9AF27-9E05-4228-9F57-4F5ED49151A8}.Release|Any CPU.Build.0 = Release|Any CPU
	EndGlobalSection
	GlobalSection(SolutionProperties) = preSolution
		HideSolutionNode = FALSE
	EndGlobalSection
	GlobalSection(ExtensibilityGlobals) = postSolution
		SolutionGuid = {6D1E5967-6332-4C58-B227-F13E45B5E035}
	EndGlobalSection
EndGlobal
